
Microsoft Visual Studio Solution File, Format Version 12.00
# Visual Studio Version 17
VisualStudioVersion = 17.0.31903.59
MinimumVisualStudioVersion = 10.0.40219.1
Project("{2150E333-8FDC-42A3-9474-1A3956D46DE8}") = "src", "src", "{827E0CD3-B72D-47B6-A68D-7590B98EB39B}"
EndProject
Project("{FAE04EC0-301F-11D3-BF4B-00C04F79EFBC}") = "NTNP.Pricing.Domain", "src\NTNP.Pricing.Domain\NTNP.Pricing.Domain.csproj", "{57F8F130-FE43-41C7-9C59-A4D9B55E68AF}"
EndProject
Project("{FAE04EC0-301F-11D3-BF4B-00C04F79EFBC}") = "NTNP.Pricing.Contracts", "src\NTNP.Pricing.Contracts\NTNP.Pricing.Contracts.csproj", "{F7D25070-B711-40CA-B442-C8C62F5106DF}"
EndProject
Project("{FAE04EC0-301F-11D3-BF4B-00C04F79EFBC}") = "NTNP.Pricing.Application", "src\NTNP.Pricing.Application\NTNP.Pricing.Application.csproj", "{D2E850D6-E900-474C-9556-305AB40113BA}"
EndProject
Project("{FAE04EC0-301F-11D3-BF4B-00C04F79EFBC}") = "NTNP.Pricing.Infrastructure", "src\NTNP.Pricing.Infrastructure\NTNP.Pricing.Infrastructure.csproj", "{FD8DC8F7-356C-469D-B0F4-7EC79B1A3705}"
EndProject
Project("{FAE04EC0-301F-11D3-BF4B-00C04F79EFBC}") = "NTNP.Pricing.Reporting", "src\NTNP.Pricing.Reporting\NTNP.Pricing.Reporting.csproj", "{A348548C-18A4-4F93-AA72-27962E06655D}"
EndProject
Project("{FAE04EC0-301F-11D3-BF4B-00C04F79EFBC}") = "NTNP.Pricing.Api", "src\NTNP.Pricing.Api\NTNP.Pricing.Api.csproj", "{5EAD678D-0C50-4224-BDF4-ED1CFBF0AA7C}"
EndProject
Project("{FAE04EC0-301F-11D3-BF4B-00C04F79EFBC}") = "NTNP.Pricing.Desktop", "src\NTNP.Pricing.Desktop\NTNP.Pricing.Desktop.csproj", "{94C30E5B-26D5-4898-ABDF-2A56A91EC14A}"
EndProject
Project("{2150E333-8FDC-42A3-9474-1A3956D46DE8}") = "tests", "tests", "{0AB3BF05-4346-4AA6-1389-037BE0695223}"
EndProject
Project("{FAE04EC0-301F-11D3-BF4B-00C04F79EFBC}") = "NTNP.Pricing.Domain.Tests", "tests\NTNP.Pricing.Domain.Tests\NTNP.Pricing.Domain.Tests.csproj", "{B6C73C2A-47A0-472C-A5B9-A77112328ADA}"
EndProject
Project("{FAE04EC0-301F-11D3-BF4B-00C04F79EFBC}") = "NTNP.Pricing.Application.Tests", "tests\NTNP.Pricing.Application.Tests\NTNP.Pricing.Application.Tests.csproj", "{47EB10E3-FF33-4065-B331-F82BC4AEFB7B}"
EndProject
Project("{FAE04EC0-301F-11D3-BF4B-00C04F79EFBC}") = "NTNP.Pricing.Api.IntegrationTests", "tests\NTNP.Pricing.Api.IntegrationTests\NTNP.Pricing.Api.IntegrationTests.csproj", "{DD3043B6-0EE6-46BE-AECC-AE20289A568F}"
EndProject
Project("{FAE04EC0-301F-11D3-BF4B-00C04F79EFBC}") = "NTNP.Pricing.Infrastructure.Tests", "tests\NTNP.Pricing.Infrastructure.Tests\NTNP.Pricing.Infrastructure.Tests.csproj", "{81E2C008-79A4-4EA5-B980-2607E1024E17}"
EndProject
Project("{FAE04EC0-301F-11D3-BF4B-00C04F79EFBC}") = "NTNP.Pricing.Desktop.Tests", "tests\NTNP.Pricing.Desktop.Tests\NTNP.Pricing.Desktop.Tests.csproj", "{76461ECB-D5C7-49AD-A889-3E8D394ADB90}"
EndProject
Project("{FAE04EC0-301F-11D3-BF4B-00C04F79EFBC}") = "NTNP.Pricing.Reporting.Tests", "tests\NTNP.Pricing.Reporting.Tests\NTNP.Pricing.Reporting.Tests.csproj", "{72C0DE6C-8294-4EDB-AC46-E34D4533799E}"
EndProject
Global
	GlobalSection(SolutionConfigurationPlatforms) = preSolution
		Debug|Any CPU = Debug|Any CPU
		Debug|x64 = Debug|x64
		Debug|x86 = Debug|x86
		Release|Any CPU = Release|Any CPU
		Release|x64 = Release|x64
		Release|x86 = Release|x86
	EndGlobalSection
	GlobalSection(ProjectConfigurationPlatforms) = postSolution
		{57F8F130-FE43-41C7-9C59-A4D9B55E68AF}.Debug|Any CPU.ActiveCfg = Debug|Any CPU
		{57F8F130-FE43-41C7-9C59-A4D9B55E68AF}.Debug|Any CPU.Build.0 = Debug|Any CPU
		{57F8F130-FE43-41C7-9C59-A4D9B55E68AF}.Debug|x64.ActiveCfg = Debug|Any CPU
		{57F8F130-FE43-41C7-9C59-A4D9B55E68AF}.Debug|x64.Build.0 = Debug|Any CPU
		{57F8F130-FE43-41C7-9C59-A4D9B55E68AF}.Debug|x86.ActiveCfg = Debug|Any CPU
		{57F8F130-FE43-41C7-9C59-A4D9B55E68AF}.Debug|x86.Build.0 = Debug|Any CPU
		{57F8F130-FE43-41C7-9C59-A4D9B55E68AF}.Release|Any CPU.ActiveCfg = Release|Any CPU
		{57F8F130-FE43-41C7-9C59-A4D9B55E68AF}.Release|Any CPU.Build.0 = Release|Any CPU
		{57F8F130-FE43-41C7-9C59-A4D9B55E68AF}.Release|x64.ActiveCfg = Release|Any CPU
		{57F8F130-FE43-41C7-9C59-A4D9B55E68AF}.Release|x64.Build.0 = Release|Any CPU
		{57F8F130-FE43-41C7-9C59-A4D9B55E68AF}.Release|x86.ActiveCfg = Release|Any CPU
		{57F8F130-FE43-41C7-9C59-A4D9B55E68AF}.Release|x86.Build.0 = Release|Any CPU
		{F7D25070-B711-40CA-B442-C8C62F5106DF}.Debug|Any CPU.ActiveCfg = Debug|Any CPU
		{F7D25070-B711-40CA-B442-C8C62F5106DF}.Debug|Any CPU.Build.0 = Debug|Any CPU
		{F7D25070-B711-40CA-B442-C8C62F5106DF}.Debug|x64.ActiveCfg = Debug|Any CPU
		{F7D25070-B711-40CA-B442-C8C62F5106DF}.Debug|x64.Build.0 = Debug|Any CPU
		{F7D25070-B711-40CA-B442-C8C62F5106DF}.Debug|x86.ActiveCfg = Debug|Any CPU
		{F7D25070-B711-40CA-B442-C8C62F5106DF}.Debug|x86.Build.0 = Debug|Any CPU
		{F7D25070-B711-40CA-B442-C8C62F5106DF}.Release|Any CPU.ActiveCfg = Release|Any CPU
		{F7D25070-B711-40CA-B442-C8C62F5106DF}.Release|Any CPU.Build.0 = Release|Any CPU
		{F7D25070-B711-40CA-B442-C8C62F5106DF}.Release|x64.ActiveCfg = Release|Any CPU
		{F7D25070-B711-40CA-B442-C8C62F5106DF}.Release|x64.Build.0 = Release|Any CPU
		{F7D25070-B711-40CA-B442-C8C62F5106DF}.Release|x86.ActiveCfg = Release|Any CPU
		{F7D25070-B711-40CA-B442-C8C62F5106DF}.Release|x86.Build.0 = Release|Any CPU
		{D2E850D6-E900-474C-9556-305AB40113BA}.Debug|Any CPU.ActiveCfg = Debug|Any CPU
		{D2E850D6-E900-474C-9556-305AB40113BA}.Debug|Any CPU.Build.0 = Debug|Any CPU
		{D2E850D6-E900-474C-9556-305AB40113BA}.Debug|x64.ActiveCfg = Debug|Any CPU
		{D2E850D6-E900-474C-9556-305AB40113BA}.Debug|x64.Build.0 = Debug|Any CPU
		{D2E850D6-E900-474C-9556-305AB40113BA}.Debug|x86.ActiveCfg = Debug|Any CPU
		{D2E850D6-E900-474C-9556-305AB40113BA}.Debug|x86.Build.0 = Debug|Any CPU
		{D2E850D6-E900-474C-9556-305AB40113BA}.Release|Any CPU.ActiveCfg = Release|Any CPU
		{D2E850D6-E900-474C-9556-305AB40113BA}.Release|Any CPU.Build.0 = Release|Any CPU
		{D2E850D6-E900-474C-9556-305AB40113BA}.Release|x64.ActiveCfg = Release|Any CPU
		{D2E850D6-E900-474C-9556-305AB40113BA}.Release|x64.Build.0 = Release|Any CPU
		{D2E850D6-E900-474C-9556-305AB40113BA}.Release|x86.ActiveCfg = Release|Any CPU
		{D2E850D6-E900-474C-9556-305AB40113BA}.Release|x86.Build.0 = Release|Any CPU
		{FD8DC8F7-356C-469D-B0F4-7EC79B1A3705}.Debug|Any CPU.ActiveCfg = Debug|Any CPU
		{FD8DC8F7-356C-469D-B0F4-7EC79B1A3705}.Debug|Any CPU.Build.0 = Debug|Any CPU
		{FD8DC8F7-356C-469D-B0F4-7EC79B1A3705}.Debug|x64.ActiveCfg = Debug|Any CPU
		{FD8DC8F7-356C-469D-B0F4-7EC79B1A3705}.Debug|x64.Build.0 = Debug|Any CPU
		{FD8DC8F7-356C-469D-B0F4-7EC79B1A3705}.Debug|x86.ActiveCfg = Debug|Any CPU
		{FD8DC8F7-356C-469D-B0F4-7EC79B1A3705}.Debug|x86.Build.0 = Debug|Any CPU
		{FD8DC8F7-356C-469D-B0F4-7EC79B1A3705}.Release|Any CPU.ActiveCfg = Release|Any CPU
		{FD8DC8F7-356C-469D-B0F4-7EC79B1A3705}.Release|Any CPU.Build.0 = Release|Any CPU
		{FD8DC8F7-356C-469D-B0F4-7EC79B1A3705}.Release|x64.ActiveCfg = Release|Any CPU
		{FD8DC8F7-356C-469D-B0F4-7EC79B1A3705}.Release|x64.Build.0 = Release|Any CPU
		{FD8DC8F7-356C-469D-B0F4-7EC79B1A3705}.Release|x86.ActiveCfg = Release|Any CPU
		{FD8DC8F7-356C-469D-B0F4-7EC79B1A3705}.Release|x86.Build.0 = Release|Any CPU
		{A348548C-18A4-4F93-AA72-27962E06655D}.Debug|Any CPU.ActiveCfg = Debug|Any CPU
		{A348548C-18A4-4F93-AA72-27962E06655D}.Debug|Any CPU.Build.0 = Debug|Any CPU
		{A348548C-18A4-4F93-AA72-27962E06655D}.Debug|x64.ActiveCfg = Debug|Any CPU
		{A348548C-18A4-4F93-AA72-27962E06655D}.Debug|x64.Build.0 = Debug|Any CPU
		{A348548C-18A4-4F93-AA72-27962E06655D}.Debug|x86.ActiveCfg = Debug|Any CPU
		{A348548C-18A4-4F93-AA72-27962E06655D}.Debug|x86.Build.0 = Debug|Any CPU
		{A348548C-18A4-4F93-AA72-27962E06655D}.Release|Any CPU.ActiveCfg = Release|Any CPU
		{A348548C-18A4-4F93-AA72-27962E06655D}.Release|Any CPU.Build.0 = Release|Any CPU
		{A348548C-18A4-4F93-AA72-27962E06655D}.Release|x64.ActiveCfg = Release|Any CPU
		{A348548C-18A4-4F93-AA72-27962E06655D}.Release|x64.Build.0 = Release|Any CPU
		{A348548C-18A4-4F93-AA72-27962E06655D}.Release|x86.ActiveCfg = Release|Any CPU
		{A348548C-18A4-4F93-AA72-27962E06655D}.Release|x86.Build.0 = Release|Any CPU
		{5EAD678D-0C50-4224-BDF4-ED1CFBF0AA7C}.Debug|Any CPU.ActiveCfg = Debug|Any CPU
		{5EAD678D-0C50-4224-BDF4-ED1CFBF0AA7C}.Debug|Any CPU.Build.0 = Debug|Any CPU
		{5EAD678D-0C50-4224-BDF4-ED1CFBF0AA7C}.Debug|x64.ActiveCfg = Debug|Any CPU
		{5EAD678D-0C50-4224-BDF4-ED1CFBF0AA7C}.Debug|x64.Build.0 = Debug|Any CPU
		{5EAD678D-0C50-4224-BDF4-ED1CFBF0AA7C}.Debug|x86.ActiveCfg = Debug|Any CPU
		{5EAD678D-0C50-4224-BDF4-ED1CFBF0AA7C}.Debug|x86.Build.0 = Debug|Any CPU
		{5EAD678D-0C50-4224-BDF4-ED1CFBF0AA7C}.Release|Any CPU.ActiveCfg = Release|Any CPU
		{5EAD678D-0C50-4224-BDF4-ED1CFBF0AA7C}.Release|Any CPU.Build.0 = Release|Any CPU
		{5EAD678D-0C50-4224-BDF4-ED1CFBF0AA7C}.Release|x64.ActiveCfg = Release|Any CPU
		{5EAD678D-0C50-4224-BDF4-ED1CFBF0AA7C}.Release|x64.Build.0 = Release|Any CPU
		{5EAD678D-0C50-4224-BDF4-ED1CFBF0AA7C}.Release|x86.ActiveCfg = Release|Any CPU
		{5EAD678D-0C50-4224-BDF4-ED1CFBF0AA7C}.Release|x86.Build.0 = Release|Any CPU
		{94C30E5B-26D5-4898-ABDF-2A56A91EC14A}.Debug|Any CPU.ActiveCfg = Debug|Any CPU
		{94C30E5B-26D5-4898-ABDF-2A56A91EC14A}.Debug|Any CPU.Build.0 = Debug|Any CPU
		{94C30E5B-26D5-4898-ABDF-2A56A91EC14A}.Debug|x64.ActiveCfg = Debug|Any CPU
		{94C30E5B-26D5-4898-ABDF-2A56A91EC14A}.Debug|x64.Build.0 = Debug|Any CPU
		{94C30E5B-26D5-4898-ABDF-2A56A91EC14A}.Debug|x86.ActiveCfg = Debug|Any CPU
		{94C30E5B-26D5-4898-ABDF-2A56A91EC14A}.Debug|x86.Build.0 = Debug|Any CPU
		{94C30E5B-26D5-4898-ABDF-2A56A91EC14A}.Release|Any CPU.ActiveCfg = Release|Any CPU
		{94C30E5B-26D5-4898-ABDF-2A56A91EC14A}.Release|Any CPU.Build.0 = Release|Any CPU
		{94C30E5B-26D5-4898-ABDF-2A56A91EC14A}.Release|x64.ActiveCfg = Release|Any CPU
		{94C30E5B-26D5-4898-ABDF-2A56A91EC14A}.Release|x64.Build.0 = Release|Any CPU
		{94C30E5B-26D5-4898-ABDF-2A56A91EC14A}.Release|x86.ActiveCfg = Release|Any CPU
		{94C30E5B-26D5-4898-ABDF-2A56A91EC14A}.Release|x86.Build.0 = Release|Any CPU
		{B6C73C2A-47A0-472C-A5B9-A77112328ADA}.Debug|Any CPU.ActiveCfg = Debug|Any CPU
		{B6C73C2A-47A0-472C-A5B9-A77112328ADA}.Debug|Any CPU.Build.0 = Debug|Any CPU
		{B6C73C2A-47A0-472C-A5B9-A77112328ADA}.Debug|x64.ActiveCfg = Debug|Any CPU
		{B6C73C2A-47A0-472C-A5B9-A77112328ADA}.Debug|x64.Build.0 = Debug|Any CPU
		{B6C73C2A-47A0-472C-A5B9-A77112328ADA}.Debug|x86.ActiveCfg = Debug|Any CPU
		{B6C73C2A-47A0-472C-A5B9-A77112328ADA}.Debug|x86.Build.0 = Debug|Any CPU
		{B6C73C2A-47A0-472C-A5B9-A77112328ADA}.Release|Any CPU.ActiveCfg = Release|Any CPU
		{B6C73C2A-47A0-472C-A5B9-A77112328ADA}.Release|Any CPU.Build.0 = Release|Any CPU
		{B6C73C2A-47A0-472C-A5B9-A77112328ADA}.Release|x64.ActiveCfg = Release|Any CPU
		{B6C73C2A-47A0-472C-A5B9-A77112328ADA}.Release|x64.Build.0 = Release|Any CPU
		{B6C73C2A-47A0-472C-A5B9-A77112328ADA}.Release|x86.ActiveCfg = Release|Any CPU
		{B6C73C2A-47A0-472C-A5B9-A77112328ADA}.Release|x86.Build.0 = Release|Any CPU
		{47EB10E3-FF33-4065-B331-F82BC4AEFB7B}.Debug|Any CPU.ActiveCfg = Debug|Any CPU
		{47EB10E3-FF33-4065-B331-F82BC4AEFB7B}.Debug|Any CPU.Build.0 = Debug|Any CPU
		{47EB10E3-FF33-4065-B331-F82BC4AEFB7B}.Debug|x64.ActiveCfg = Debug|Any CPU
		{47EB10E3-FF33-4065-B331-F82BC4AEFB7B}.Debug|x64.Build.0 = Debug|Any CPU
		{47EB10E3-FF33-4065-B331-F82BC4AEFB7B}.Debug|x86.ActiveCfg = Debug|Any CPU
		{47EB10E3-FF33-4065-B331-F82BC4AEFB7B}.Debug|x86.Build.0 = Debug|Any CPU
		{47EB10E3-FF33-4065-B331-F82BC4AEFB7B}.Release|Any CPU.ActiveCfg = Release|Any CPU
		{47EB10E3-FF33-4065-B331-F82BC4AEFB7B}.Release|Any CPU.Build.0 = Release|Any CPU
		{47EB10E3-FF33-4065-B331-F82BC4AEFB7B}.Release|x64.ActiveCfg = Release|Any CPU
		{47EB10E3-FF33-4065-B331-F82BC4AEFB7B}.Release|x64.Build.0 = Release|Any CPU
		{47EB10E3-FF33-4065-B331-F82BC4AEFB7B}.Release|x86.ActiveCfg = Release|Any CPU
		{47EB10E3-FF33-4065-B331-F82BC4AEFB7B}.Release|x86.Build.0 = Release|Any CPU
		{DD3043B6-0EE6-46BE-AECC-AE20289A568F}.Debug|Any CPU.ActiveCfg = Debug|Any CPU
		{DD3043B6-0EE6-46BE-AECC-AE20289A568F}.Debug|Any CPU.Build.0 = Debug|Any CPU
		{DD3043B6-0EE6-46BE-AECC-AE20289A568F}.Debug|x64.ActiveCfg = Debug|Any CPU
		{DD3043B6-0EE6-46BE-AECC-AE20289A568F}.Debug|x64.Build.0 = Debug|Any CPU
		{DD3043B6-0EE6-46BE-AECC-AE20289A568F}.Debug|x86.ActiveCfg = Debug|Any CPU
		{DD3043B6-0EE6-46BE-AECC-AE20289A568F}.Debug|x86.Build.0 = Debug|Any CPU
		{DD3043B6-0EE6-46BE-AECC-AE20289A568F}.Release|Any CPU.ActiveCfg = Release|Any CPU
		{DD3043B6-0EE6-46BE-AECC-AE20289A568F}.Release|Any CPU.Build.0 = Release|Any CPU
		{DD3043B6-0EE6-46BE-AECC-AE20289A568F}.Release|x64.ActiveCfg = Release|Any CPU
		{DD3043B6-0EE6-46BE-AECC-AE20289A568F}.Release|x64.Build.0 = Release|Any CPU
		{DD3043B6-0EE6-46BE-AECC-AE20289A568F}.Release|x86.ActiveCfg = Release|Any CPU
		{DD3043B6-0EE6-46BE-AECC-AE20289A568F}.Release|x86.Build.0 = Release|Any CPU
		{81E2C008-79A4-4EA5-B980-2607E1024E17}.Debug|Any CPU.ActiveCfg = Debug|Any CPU
		{81E2C008-79A4-4EA5-B980-2607E1024E17}.Debug|Any CPU.Build.0 = Debug|Any CPU
		{81E2C008-79A4-4EA5-B980-2607E1024E17}.Debug|x64.ActiveCfg = Debug|Any CPU
		{81E2C008-79A4-4EA5-B980-2607E1024E17}.Debug|x64.Build.0 = Debug|Any CPU
		{81E2C008-79A4-4EA5-B980-2607E1024E17}.Debug|x86.ActiveCfg = Debug|Any CPU
		{81E2C008-79A4-4EA5-B980-2607E1024E17}.Debug|x86.Build.0 = Debug|Any CPU
		{81E2C008-79A4-4EA5-B980-2607E1024E17}.Release|Any CPU.ActiveCfg = Release|Any CPU
		{81E2C008-79A4-4EA5-B980-2607E1024E17}.Release|Any CPU.Build.0 = Release|Any CPU
		{81E2C008-79A4-4EA5-B980-2607E1024E17}.Release|x64.ActiveCfg = Release|Any CPU
		{81E2C008-79A4-4EA5-B980-2607E1024E17}.Release|x64.Build.0 = Release|Any CPU
		{81E2C008-79A4-4EA5-B980-2607E1024E17}.Release|x86.ActiveCfg = Release|Any CPU
		{81E2C008-79A4-4EA5-B980-2607E1024E17}.Release|x86.Build.0 = Release|Any CPU
		{76461ECB-D5C7-49AD-A889-3E8D394ADB90}.Debug|Any CPU.ActiveCfg = Debug|Any CPU
		{76461ECB-D5C7-49AD-A889-3E8D394ADB90}.Debug|Any CPU.Build.0 = Debug|Any CPU
		{76461ECB-D5C7-49AD-A889-3E8D394ADB90}.Debug|x64.ActiveCfg = Debug|Any CPU
		{76461ECB-D5C7-49AD-A889-3E8D394ADB90}.Debug|x64.Build.0 = Debug|Any CPU
		{76461ECB-D5C7-49AD-A889-3E8D394ADB90}.Debug|x86.ActiveCfg = Debug|Any CPU
		{76461ECB-D5C7-49AD-A889-3E8D394ADB90}.Debug|x86.Build.0 = Debug|Any CPU
		{76461ECB-D5C7-49AD-A889-3E8D394ADB90}.Release|Any CPU.ActiveCfg = Release|Any CPU
		{76461ECB-D5C7-49AD-A889-3E8D394ADB90}.Release|Any CPU.Build.0 = Release|Any CPU
		{76461ECB-D5C7-49AD-A889-3E8D394ADB90}.Release|x64.ActiveCfg = Release|Any CPU
		{76461ECB-D5C7-49AD-A889-3E8D394ADB90}.Release|x64.Build.0 = Release|Any CPU
		{76461ECB-D5C7-49AD-A889-3E8D394ADB90}.Release|x86.ActiveCfg = Release|Any CPU
		{76461ECB-D5C7-49AD-A889-3E8D394ADB90}.Release|x86.Build.0 = Release|Any CPU
		{72C0DE6C-8294-4EDB-AC46-E34D4533799E}.Debug|Any CPU.ActiveCfg = Debug|Any CPU
		{72C0DE6C-8294-4EDB-AC46-E34D4533799E}.Debug|Any CPU.Build.0 = Debug|Any CPU
		{72C0DE6C-8294-4EDB-AC46-E34D4533799E}.Debug|x64.ActiveCfg = Debug|Any CPU
		{72C0DE6C-8294-4EDB-AC46-E34D4533799E}.Debug|x64.Build.0 = Debug|Any CPU
		{72C0DE6C-8294-4EDB-AC46-E34D4533799E}.Debug|x86.ActiveCfg = Debug|Any CPU
		{72C0DE6C-8294-4EDB-AC46-E34D4533799E}.Debug|x86.Build.0 = Debug|Any CPU
		{72C0DE6C-8294-4EDB-AC46-E34D4533799E}.Release|Any CPU.ActiveCfg = Release|Any CPU
		{72C0DE6C-8294-4EDB-AC46-E34D4533799E}.Release|Any CPU.Build.0 = Release|Any CPU
		{72C0DE6C-8294-4EDB-AC46-E34D4533799E}.Release|x64.ActiveCfg = Release|Any CPU
		{72C0DE6C-8294-4EDB-AC46-E34D4533799E}.Release|x64.Build.0 = Release|Any CPU
		{72C0DE6C-8294-4EDB-AC46-E34D4533799E}.Release|x86.ActiveCfg = Release|Any CPU
		{72C0DE6C-8294-4EDB-AC46-E34D4533799E}.Release|x86.Build.0 = Release|Any CPU
	EndGlobalSection
	GlobalSection(SolutionProperties) = preSolution
		HideSolutionNode = FALSE
	EndGlobalSection
	GlobalSection(NestedProjects) = preSolution
		{57F8F130-FE43-41C7-9C59-A4D9B55E68AF} = {827E0CD3-B72D-47B6-A68D-7590B98EB39B}
		{F7D25070-B711-40CA-B442-C8C62F5106DF} = {827E0CD3-B72D-47B6-A68D-7590B98EB39B}
		{D2E850D6-E900-474C-9556-305AB40113BA} = {827E0CD3-B72D-47B6-A68D-7590B98EB39B}
		{FD8DC8F7-356C-469D-B0F4-7EC79B1A3705} = {827E0CD3-B72D-47B6-A68D-7590B98EB39B}
		{A348548C-18A4-4F93-AA72-27962E06655D} = {827E0CD3-B72D-47B6-A68D-7590B98EB39B}
		{5EAD678D-0C50-4224-BDF4-ED1CFBF0AA7C} = {827E0CD3-B72D-47B6-A68D-7590B98EB39B}
		{94C30E5B-26D5-4898-ABDF-2A56A91EC14A} = {827E0CD3-B72D-47B6-A68D-7590B98EB39B}
		{B6C73C2A-47A0-472C-A5B9-A77112328ADA} = {0AB3BF05-4346-4AA6-1389-037BE0695223}
		{47EB10E3-FF33-4065-B331-F82BC4AEFB7B} = {0AB3BF05-4346-4AA6-1389-037BE0695223}
		{DD3043B6-0EE6-46BE-AECC-AE20289A568F} = {0AB3BF05-4346-4AA6-1389-037BE0695223}
		{81E2C008-79A4-4EA5-B980-2607E1024E17} = {0AB3BF05-4346-4AA6-1389-037BE0695223}
		{76461ECB-D5C7-49AD-A889-3E8D394ADB90} = {0AB3BF05-4346-4AA6-1389-037BE0695223}
		{72C0DE6C-8294-4EDB-AC46-E34D4533799E} = {0AB3BF05-4346-4AA6-1389-037BE0695223}
	EndGlobalSection
EndGlobal
